
Microsoft Visual Studio Solution File, Format Version 12.00
# Visual Studio Version 17
VisualStudioVersion = 17.6.33815.320
MinimumVisualStudioVersion = 10.0.40219.1
Project("{FAE04EC0-301F-11D3-BF4B-00C04F79EFBC}") = "CloudDevAPI_DotNet", "CloudDevAPI_DotNet.csproj", "{6E16339F-4634-4C46-9551-C29D9CCF0325}"
EndProject
Project("{FAE04EC0-301F-11D3-BF4B-00C04F79EFBC}") = "CloudDevAPI_DotNet_Tests", "..\CloudDevAPI_DotNet_Tests\CloudDevAPI_DotNet_Tests.csproj", "{8FB2061B-EF8E-4617-9B57-6309B7A6E2E8}"
EndProject
Project("{2150E333-8FDC-42A3-9474-1A3956D46DE8}") = "UnitTests", "UnitTests", "{8C3C0CFC-EE3B-43B6-8AE2-0C08D7669C63}"
EndProject
Project("{FAE04EC0-301F-11D3-BF4B-00C04F79EFBC}") = "CloudDevAPI_DotNet_Tests", "CloudDevAPI_DotNet_Tests\CloudDevAPI_DotNet_Tests.csproj", "{FFF1DB4D-1D67-4596-B1FB-1DF49D57519B}"
EndProject
Global
	GlobalSection(SolutionConfigurationPlatforms) = preSolution
		Debug|Any CPU = Debug|Any CPU
		Release|Any CPU = Release|Any CPU
	EndGlobalSection
	GlobalSection(ProjectConfigurationPlatforms) = postSolution
		{6E16339F-4634-4C46-9551-C29D9CCF0325}.Debug|Any CPU.ActiveCfg = Debug|Any CPU
		{6E16339F-4634-4C46-9551-C29D9CCF0325}.Debug|Any CPU.Build.0 = Debug|Any CPU
		{6E16339F-4634-4C46-9551-C29D9CCF0325}.Release|Any CPU.ActiveCfg = Release|Any CPU
		{6E16339F-4634-4C46-9551-C29D9CCF0325}.Release|Any CPU.Build.0 = Release|Any CPU
		{8FB2061B-EF8E-4617-9B57-6309B7A6E2E8}.Debug|Any CPU.ActiveCfg = Debug|Any CPU
		{8FB2061B-EF8E-4617-9B57-6309B7A6E2E8}.Debug|Any CPU.Build.0 = Debug|Any CPU
		{8FB2061B-EF8E-4617-9B57-6309B7A6E2E8}.Release|Any CPU.ActiveCfg = Release|Any CPU
		{8FB2061B-EF8E-4617-9B57-6309B7A6E2E8}.Release|Any CPU.Build.0 = Release|Any CPU
		{FFF1DB4D-1D67-4596-B1FB-1DF49D57519B}.Debug|Any CPU.ActiveCfg = Debug|Any CPU
		{FFF1DB4D-1D67-4596-B1FB-1DF49D57519B}.Debug|Any CPU.Build.0 = Debug|Any CPU
		{FFF1DB4D-1D67-4596-B1FB-1DF49D57519B}.Release|Any CPU.ActiveCfg = Release|Any CPU
		{FFF1DB4D-1D67-4596-B1FB-1DF49D57519B}.Release|Any CPU.Build.0 = Release|Any CPU
	EndGlobalSection
	GlobalSection(SolutionProperties) = preSolution
		HideSolutionNode = FALSE
	EndGlobalSection
	GlobalSection(ExtensibilityGlobals) = postSolution
		SolutionGuid = {5E886718-EDBC-4915-97B6-F853155DEB92}
	EndGlobalSection
	GlobalSection(NestedProjects) = preSolution
		{FFF1DB4D-1D67-4596-B1FB-1DF49D57519B} = {8C3C0CFC-EE3B-43B6-8AE2-0C08D7669C63}
	EndGlobalSection
EndGlobal
